
Microsoft Visual Studio Solution File, Format Version 12.00
# Visual Studio 2012
Project("{FAE04EC0-301F-11D3-BF4B-00C04F79EFBC}") = "aRCCar.Xamarin", "ARRunner.Xamarin\aRCCar.Xamarin.csproj", "{AD4C452F-0304-43A3-96CF-2DCC4E1E544A}"
EndProject
Global
	GlobalSection(SolutionConfigurationPlatforms) = preSolution
		Debug|iPhoneSimulator = Debug|iPhoneSimulator
		Release|iPhone = Release|iPhone
		Release|iPhoneSimulator = Release|iPhoneSimulator
		Debug|iPhone = Debug|iPhone
	EndGlobalSection
	GlobalSection(ProjectConfigurationPlatforms) = postSolution
		{AD4C452F-0304-43A3-96CF-2DCC4E1E544A}.Debug|iPhoneSimulator.ActiveCfg = Debug|iPhoneSimulator
		{AD4C452F-0304-43A3-96CF-2DCC4E1E544A}.Debug|iPhoneSimulator.Build.0 = Debug|iPhoneSimulator
		{AD4C452F-0304-43A3-96CF-2DCC4E1E544A}.Release|iPhone.ActiveCfg = Release|iPhone
		{AD4C452F-0304-43A3-96CF-2DCC4E1E544A}.Release|iPhone.Build.0 = Release|iPhone
		{AD4C452F-0304-43A3-96CF-2DCC4E1E544A}.Release|iPhoneSimulator.ActiveCfg = Release|iPhoneSimulator
		{AD4C452F-0304-43A3-96CF-2DCC4E1E544A}.Release|iPhoneSimulator.Build.0 = Release|iPhoneSimulator
		{AD4C452F-0304-43A3-96CF-2DCC4E1E544A}.Debug|iPhone.ActiveCfg = Debug|iPhone
		{AD4C452F-0304-43A3-96CF-2DCC4E1E544A}.Debug|iPhone.Build.0 = Debug|iPhone
	EndGlobalSection
EndGlobal
